
Microsoft Visual Studio Solution File, Format Version 12.00
# Visual Studio Version 17
Project("{8BC9CEB8-8B4A-11D0-8D11-00A0C91BC942}") = "ALL_BUILD", "ALL_BUILD.vcxproj", "{D7491BE9-E1A6-3321-A5EB-79A0C6B39512}"
	ProjectSection(ProjectDependencies) = postProject
		{18F17BE8-ED90-3F6B-9983-DFF9FD8BC889} = {18F17BE8-ED90-3F6B-9983-DFF9FD8BC889}
		{0AF3E780-4772-3313-9D9E-0AADB882BDE5} = {0AF3E780-4772-3313-9D9E-0AADB882BDE5}
		{89AFE363-8FF8-33CC-9D37-1BC80A9670EC} = {89AFE363-8FF8-33CC-9D37-1BC80A9670EC}
		{F5A54DD8-2469-3296-B40E-7A629D11F4ED} = {F5A54DD8-2469-3296-B40E-7A629D11F4ED}
		{400C28EC-73DB-31F9-ACF7-7641B3F901BB} = {400C28EC-73DB-31F9-ACF7-7641B3F901BB}
		{4843EDD5-CF19-3F11-A8DF-2D43A244271A} = {4843EDD5-CF19-3F11-A8DF-2D43A244271A}
	EndProjectSection
EndProject
Project("{8BC9CEB8-8B4A-11D0-8D11-00A0C91BC942}") = "INSTALL", "INSTALL.vcxproj", "{F321372E-4A72-36A4-B36B-4BA92CC5BB8D}"
	ProjectSection(ProjectDependencies) = postProject
		{D7491BE9-E1A6-3321-A5EB-79A0C6B39512} = {D7491BE9-E1A6-3321-A5EB-79A0C6B39512}
		{18F17BE8-ED90-3F6B-9983-DFF9FD8BC889} = {18F17BE8-ED90-3F6B-9983-DFF9FD8BC889}
	EndProjectSection
EndProject
Project("{8BC9CEB8-8B4A-11D0-8D11-00A0C91BC942}") = "RUN_TESTS", "RUN_TESTS.vcxproj", "{5A39F080-5ECA-395C-BC7E-E9ACFDFF3163}"
	ProjectSection(ProjectDependencies) = postProject
		{18F17BE8-ED90-3F6B-9983-DFF9FD8BC889} = {18F17BE8-ED90-3F6B-9983-DFF9FD8BC889}
	EndProjectSection
EndProject
Project("{8BC9CEB8-8B4A-11D0-8D11-00A0C91BC942}") = "ZERO_CHECK", "ZERO_CHECK.vcxproj", "{18F17BE8-ED90-3F6B-9983-DFF9FD8BC889}"
	ProjectSection(ProjectDependencies) = postProject
	EndProjectSection
EndProject
Project("{8BC9CEB8-8B4A-11D0-8D11-00A0C91BC942}") = "forestry", "src\forestry\forestry.vcxproj", "{0AF3E780-4772-3313-9D9E-0AADB882BDE5}"
	ProjectSection(ProjectDependencies) = postProject
		{18F17BE8-ED90-3F6B-9983-DFF9FD8BC889} = {18F17BE8-ED90-3F6B-9983-DFF9FD8BC889}
		{400C28EC-73DB-31F9-ACF7-7641B3F901BB} = {400C28EC-73DB-31F9-ACF7-7641B3F901BB}
	EndProjectSection
EndProject
Project("{8BC9CEB8-8B4A-11D0-8D11-00A0C91BC942}") = "forestry_tests", "src\tests\forestry\forestry_tests.vcxproj", "{89AFE363-8FF8-33CC-9D37-1BC80A9670EC}"
	ProjectSection(ProjectDependencies) = postProject
		{18F17BE8-ED90-3F6B-9983-DFF9FD8BC889} = {18F17BE8-ED90-3F6B-9983-DFF9FD8BC889}
		{0AF3E780-4772-3313-9D9E-0AADB882BDE5} = {0AF3E780-4772-3313-9D9E-0AADB882BDE5}
		{E5EA4CAA-8263-3386-A043-1792BF2E1ACF} = {E5EA4CAA-8263-3386-A043-1792BF2E1ACF}
		{1AAE743C-8BAF-3DBA-B220-5F8356126BCD} = {1AAE743C-8BAF-3DBA-B220-5F8356126BCD}
		{400C28EC-73DB-31F9-ACF7-7641B3F901BB} = {400C28EC-73DB-31F9-ACF7-7641B3F901BB}
	EndProjectSection
EndProject
Project("{8BC9CEB8-8B4A-11D0-8D11-00A0C91BC942}") = "forestryapp", "src\forestryapp\forestryapp.vcxproj", "{F5A54DD8-2469-3296-B40E-7A629D11F4ED}"
	ProjectSection(ProjectDependencies) = postProject
		{18F17BE8-ED90-3F6B-9983-DFF9FD8BC889} = {18F17BE8-ED90-3F6B-9983-DFF9FD8BC889}
		{0AF3E780-4772-3313-9D9E-0AADB882BDE5} = {0AF3E780-4772-3313-9D9E-0AADB882BDE5}
		{400C28EC-73DB-31F9-ACF7-7641B3F901BB} = {400C28EC-73DB-31F9-ACF7-7641B3F901BB}
	EndProjectSection
EndProject
Project("{8BC9CEB8-8B4A-11D0-8D11-00A0C91BC942}") = "gtest", "src\tests\googletest-build\googletest\gtest.vcxproj", "{E5EA4CAA-8263-3386-A043-1792BF2E1ACF}"
	ProjectSection(ProjectDependencies) = postProject
		{18F17BE8-ED90-3F6B-9983-DFF9FD8BC889} = {18F17BE8-ED90-3F6B-9983-DFF9FD8BC889}
	EndProjectSection
EndProject
Project("{8BC9CEB8-8B4A-11D0-8D11-00A0C91BC942}") = "gtest_main", "src\tests\googletest-build\googletest\gtest_main.vcxproj", "{1AAE743C-8BAF-3DBA-B220-5F8356126BCD}"
	ProjectSection(ProjectDependencies) = postProject
		{18F17BE8-ED90-3F6B-9983-DFF9FD8BC889} = {18F17BE8-ED90-3F6B-9983-DFF9FD8BC889}
		{E5EA4CAA-8263-3386-A043-1792BF2E1ACF} = {E5EA4CAA-8263-3386-A043-1792BF2E1ACF}
	EndProjectSection
EndProject
Project("{8BC9CEB8-8B4A-11D0-8D11-00A0C91BC942}") = "utility", "src\utility\utility.vcxproj", "{400C28EC-73DB-31F9-ACF7-7641B3F901BB}"
	ProjectSection(ProjectDependencies) = postProject
		{18F17BE8-ED90-3F6B-9983-DFF9FD8BC889} = {18F17BE8-ED90-3F6B-9983-DFF9FD8BC889}
	EndProjectSection
EndProject
Project("{8BC9CEB8-8B4A-11D0-8D11-00A0C91BC942}") = "utility_tests", "src\tests\utility\utility_tests.vcxproj", "{4843EDD5-CF19-3F11-A8DF-2D43A244271A}"
	ProjectSection(ProjectDependencies) = postProject
		{18F17BE8-ED90-3F6B-9983-DFF9FD8BC889} = {18F17BE8-ED90-3F6B-9983-DFF9FD8BC889}
		{E5EA4CAA-8263-3386-A043-1792BF2E1ACF} = {E5EA4CAA-8263-3386-A043-1792BF2E1ACF}
		{1AAE743C-8BAF-3DBA-B220-5F8356126BCD} = {1AAE743C-8BAF-3DBA-B220-5F8356126BCD}
		{400C28EC-73DB-31F9-ACF7-7641B3F901BB} = {400C28EC-73DB-31F9-ACF7-7641B3F901BB}
	EndProjectSection
EndProject
Global
	GlobalSection(SolutionConfigurationPlatforms) = preSolution
		Debug|x64 = Debug|x64
		Release|x64 = Release|x64
	EndGlobalSection
	GlobalSection(ProjectConfigurationPlatforms) = postSolution
		{D7491BE9-E1A6-3321-A5EB-79A0C6B39512}.Debug|x64.ActiveCfg = Debug|x64
		{D7491BE9-E1A6-3321-A5EB-79A0C6B39512}.Debug|x64.Build.0 = Debug|x64
		{D7491BE9-E1A6-3321-A5EB-79A0C6B39512}.Release|x64.ActiveCfg = Release|x64
		{D7491BE9-E1A6-3321-A5EB-79A0C6B39512}.Release|x64.Build.0 = Release|x64
		{F321372E-4A72-36A4-B36B-4BA92CC5BB8D}.Debug|x64.ActiveCfg = Debug|x64
		{F321372E-4A72-36A4-B36B-4BA92CC5BB8D}.Release|x64.ActiveCfg = Release|x64
		{5A39F080-5ECA-395C-BC7E-E9ACFDFF3163}.Debug|x64.ActiveCfg = Debug|x64
		{5A39F080-5ECA-395C-BC7E-E9ACFDFF3163}.Release|x64.ActiveCfg = Release|x64
		{18F17BE8-ED90-3F6B-9983-DFF9FD8BC889}.Debug|x64.ActiveCfg = Debug|x64
		{18F17BE8-ED90-3F6B-9983-DFF9FD8BC889}.Debug|x64.Build.0 = Debug|x64
		{18F17BE8-ED90-3F6B-9983-DFF9FD8BC889}.Release|x64.ActiveCfg = Release|x64
		{18F17BE8-ED90-3F6B-9983-DFF9FD8BC889}.Release|x64.Build.0 = Release|x64
		{0AF3E780-4772-3313-9D9E-0AADB882BDE5}.Debug|x64.ActiveCfg = Debug|x64
		{0AF3E780-4772-3313-9D9E-0AADB882BDE5}.Debug|x64.Build.0 = Debug|x64
		{0AF3E780-4772-3313-9D9E-0AADB882BDE5}.Release|x64.ActiveCfg = Release|x64
		{0AF3E780-4772-3313-9D9E-0AADB882BDE5}.Release|x64.Build.0 = Release|x64
		{89AFE363-8FF8-33CC-9D37-1BC80A9670EC}.Debug|x64.ActiveCfg = Debug|x64
		{89AFE363-8FF8-33CC-9D37-1BC80A9670EC}.Debug|x64.Build.0 = Debug|x64
		{89AFE363-8FF8-33CC-9D37-1BC80A9670EC}.Release|x64.ActiveCfg = Release|x64
		{89AFE363-8FF8-33CC-9D37-1BC80A9670EC}.Release|x64.Build.0 = Release|x64
		{F5A54DD8-2469-3296-B40E-7A629D11F4ED}.Debug|x64.ActiveCfg = Debug|x64
		{F5A54DD8-2469-3296-B40E-7A629D11F4ED}.Debug|x64.Build.0 = Debug|x64
		{F5A54DD8-2469-3296-B40E-7A629D11F4ED}.Release|x64.ActiveCfg = Release|x64
		{F5A54DD8-2469-3296-B40E-7A629D11F4ED}.Release|x64.Build.0 = Release|x64
		{E5EA4CAA-8263-3386-A043-1792BF2E1ACF}.Debug|x64.ActiveCfg = Debug|x64
		{E5EA4CAA-8263-3386-A043-1792BF2E1ACF}.Debug|x64.Build.0 = Debug|x64
		{E5EA4CAA-8263-3386-A043-1792BF2E1ACF}.Release|x64.ActiveCfg = Release|x64
		{E5EA4CAA-8263-3386-A043-1792BF2E1ACF}.Release|x64.Build.0 = Release|x64
		{1AAE743C-8BAF-3DBA-B220-5F8356126BCD}.Debug|x64.ActiveCfg = Debug|x64
		{1AAE743C-8BAF-3DBA-B220-5F8356126BCD}.Debug|x64.Build.0 = Debug|x64
		{1AAE743C-8BAF-3DBA-B220-5F8356126BCD}.Release|x64.ActiveCfg = Release|x64
		{1AAE743C-8BAF-3DBA-B220-5F8356126BCD}.Release|x64.Build.0 = Release|x64
		{400C28EC-73DB-31F9-ACF7-7641B3F901BB}.Debug|x64.ActiveCfg = Debug|x64
		{400C28EC-73DB-31F9-ACF7-7641B3F901BB}.Debug|x64.Build.0 = Debug|x64
		{400C28EC-73DB-31F9-ACF7-7641B3F901BB}.Release|x64.ActiveCfg = Release|x64
		{400C28EC-73DB-31F9-ACF7-7641B3F901BB}.Release|x64.Build.0 = Release|x64
		{4843EDD5-CF19-3F11-A8DF-2D43A244271A}.Debug|x64.ActiveCfg = Debug|x64
		{4843EDD5-CF19-3F11-A8DF-2D43A244271A}.Debug|x64.Build.0 = Debug|x64
		{4843EDD5-CF19-3F11-A8DF-2D43A244271A}.Release|x64.ActiveCfg = Release|x64
		{4843EDD5-CF19-3F11-A8DF-2D43A244271A}.Release|x64.Build.0 = Release|x64
	EndGlobalSection
	GlobalSection(ExtensibilityGlobals) = postSolution
		SolutionGuid = {BBB125AB-8EFD-3F0F-A80A-223433A4BBC4}
	EndGlobalSection
	GlobalSection(ExtensibilityAddIns) = postSolution
	EndGlobalSection
EndGlobal
