
Microsoft Visual Studio Solution File, Format Version 12.00
# Visual Studio Version 17
Project("{8BC9CEB8-8B4A-11D0-8D11-00A0C91BC942}") = "ALL_BUILD", "ALL_BUILD.vcxproj", "{BB57CF0C-9485-3173-9BD2-9270F21DAD29}"
	ProjectSection(ProjectDependencies) = postProject
		{A9899416-F59A-3F02-A1B9-3B7E0028552C} = {A9899416-F59A-3F02-A1B9-3B7E0028552C}
		{AC1E10B0-3A60-37E2-9BC8-3505942CD887} = {AC1E10B0-3A60-37E2-9BC8-3505942CD887}
		{09B1719D-82C6-393E-8117-AC8FF06885AD} = {09B1719D-82C6-393E-8117-AC8FF06885AD}
		{DF9DC2E4-D9CA-322D-958A-1D1ED692ED64} = {DF9DC2E4-D9CA-322D-958A-1D1ED692ED64}
		{05A9E647-78A0-3D7B-801E-878079EC5FFB} = {05A9E647-78A0-3D7B-801E-878079EC5FFB}
		{63F635B4-CA20-3678-BCA0-154D0F420C09} = {63F635B4-CA20-3678-BCA0-154D0F420C09}
	EndProjectSection
EndProject
Project("{8BC9CEB8-8B4A-11D0-8D11-00A0C91BC942}") = "INSTALL", "INSTALL.vcxproj", "{74F100CF-FDBC-3995-9855-3607486D4392}"
	ProjectSection(ProjectDependencies) = postProject
		{BB57CF0C-9485-3173-9BD2-9270F21DAD29} = {BB57CF0C-9485-3173-9BD2-9270F21DAD29}
		{A9899416-F59A-3F02-A1B9-3B7E0028552C} = {A9899416-F59A-3F02-A1B9-3B7E0028552C}
	EndProjectSection
EndProject
Project("{8BC9CEB8-8B4A-11D0-8D11-00A0C91BC942}") = "RUN_TESTS", "RUN_TESTS.vcxproj", "{9AC8FADD-1603-3F7F-BE83-24A7A37093CC}"
	ProjectSection(ProjectDependencies) = postProject
		{A9899416-F59A-3F02-A1B9-3B7E0028552C} = {A9899416-F59A-3F02-A1B9-3B7E0028552C}
	EndProjectSection
EndProject
Project("{8BC9CEB8-8B4A-11D0-8D11-00A0C91BC942}") = "ZERO_CHECK", "ZERO_CHECK.vcxproj", "{A9899416-F59A-3F02-A1B9-3B7E0028552C}"
	ProjectSection(ProjectDependencies) = postProject
	EndProjectSection
EndProject
Project("{8BC9CEB8-8B4A-11D0-8D11-00A0C91BC942}") = "forestry", "src\forestry\forestry.vcxproj", "{AC1E10B0-3A60-37E2-9BC8-3505942CD887}"
	ProjectSection(ProjectDependencies) = postProject
		{A9899416-F59A-3F02-A1B9-3B7E0028552C} = {A9899416-F59A-3F02-A1B9-3B7E0028552C}
		{05A9E647-78A0-3D7B-801E-878079EC5FFB} = {05A9E647-78A0-3D7B-801E-878079EC5FFB}
	EndProjectSection
EndProject
Project("{8BC9CEB8-8B4A-11D0-8D11-00A0C91BC942}") = "forestry_tests", "src\tests\forestry\forestry_tests.vcxproj", "{09B1719D-82C6-393E-8117-AC8FF06885AD}"
	ProjectSection(ProjectDependencies) = postProject
		{A9899416-F59A-3F02-A1B9-3B7E0028552C} = {A9899416-F59A-3F02-A1B9-3B7E0028552C}
		{AC1E10B0-3A60-37E2-9BC8-3505942CD887} = {AC1E10B0-3A60-37E2-9BC8-3505942CD887}
		{A6BE4ACE-B251-37D9-9504-18BACC0A02A3} = {A6BE4ACE-B251-37D9-9504-18BACC0A02A3}
		{3A93EEEB-0EE3-3CE6-9A12-240BFDB87B98} = {3A93EEEB-0EE3-3CE6-9A12-240BFDB87B98}
		{05A9E647-78A0-3D7B-801E-878079EC5FFB} = {05A9E647-78A0-3D7B-801E-878079EC5FFB}
	EndProjectSection
EndProject
Project("{8BC9CEB8-8B4A-11D0-8D11-00A0C91BC942}") = "forestryapp", "src\forestryapp\forestryapp.vcxproj", "{DF9DC2E4-D9CA-322D-958A-1D1ED692ED64}"
	ProjectSection(ProjectDependencies) = postProject
		{A9899416-F59A-3F02-A1B9-3B7E0028552C} = {A9899416-F59A-3F02-A1B9-3B7E0028552C}
		{AC1E10B0-3A60-37E2-9BC8-3505942CD887} = {AC1E10B0-3A60-37E2-9BC8-3505942CD887}
		{05A9E647-78A0-3D7B-801E-878079EC5FFB} = {05A9E647-78A0-3D7B-801E-878079EC5FFB}
	EndProjectSection
EndProject
Project("{8BC9CEB8-8B4A-11D0-8D11-00A0C91BC942}") = "gtest", "src\tests\googletest-build\googletest\gtest.vcxproj", "{A6BE4ACE-B251-37D9-9504-18BACC0A02A3}"
	ProjectSection(ProjectDependencies) = postProject
		{A9899416-F59A-3F02-A1B9-3B7E0028552C} = {A9899416-F59A-3F02-A1B9-3B7E0028552C}
	EndProjectSection
EndProject
Project("{8BC9CEB8-8B4A-11D0-8D11-00A0C91BC942}") = "gtest_main", "src\tests\googletest-build\googletest\gtest_main.vcxproj", "{3A93EEEB-0EE3-3CE6-9A12-240BFDB87B98}"
	ProjectSection(ProjectDependencies) = postProject
		{A9899416-F59A-3F02-A1B9-3B7E0028552C} = {A9899416-F59A-3F02-A1B9-3B7E0028552C}
		{A6BE4ACE-B251-37D9-9504-18BACC0A02A3} = {A6BE4ACE-B251-37D9-9504-18BACC0A02A3}
	EndProjectSection
EndProject
Project("{8BC9CEB8-8B4A-11D0-8D11-00A0C91BC942}") = "utility", "src\utility\utility.vcxproj", "{05A9E647-78A0-3D7B-801E-878079EC5FFB}"
	ProjectSection(ProjectDependencies) = postProject
		{A9899416-F59A-3F02-A1B9-3B7E0028552C} = {A9899416-F59A-3F02-A1B9-3B7E0028552C}
	EndProjectSection
EndProject
Project("{8BC9CEB8-8B4A-11D0-8D11-00A0C91BC942}") = "utility_tests", "src\tests\utility\utility_tests.vcxproj", "{63F635B4-CA20-3678-BCA0-154D0F420C09}"
	ProjectSection(ProjectDependencies) = postProject
		{A9899416-F59A-3F02-A1B9-3B7E0028552C} = {A9899416-F59A-3F02-A1B9-3B7E0028552C}
		{A6BE4ACE-B251-37D9-9504-18BACC0A02A3} = {A6BE4ACE-B251-37D9-9504-18BACC0A02A3}
		{3A93EEEB-0EE3-3CE6-9A12-240BFDB87B98} = {3A93EEEB-0EE3-3CE6-9A12-240BFDB87B98}
		{05A9E647-78A0-3D7B-801E-878079EC5FFB} = {05A9E647-78A0-3D7B-801E-878079EC5FFB}
	EndProjectSection
EndProject
Global
	GlobalSection(SolutionConfigurationPlatforms) = preSolution
		Debug|x64 = Debug|x64
		Release|x64 = Release|x64
	EndGlobalSection
	GlobalSection(ProjectConfigurationPlatforms) = postSolution
		{BB57CF0C-9485-3173-9BD2-9270F21DAD29}.Debug|x64.ActiveCfg = Debug|x64
		{BB57CF0C-9485-3173-9BD2-9270F21DAD29}.Debug|x64.Build.0 = Debug|x64
		{BB57CF0C-9485-3173-9BD2-9270F21DAD29}.Release|x64.ActiveCfg = Release|x64
		{BB57CF0C-9485-3173-9BD2-9270F21DAD29}.Release|x64.Build.0 = Release|x64
		{74F100CF-FDBC-3995-9855-3607486D4392}.Debug|x64.ActiveCfg = Debug|x64
		{74F100CF-FDBC-3995-9855-3607486D4392}.Release|x64.ActiveCfg = Release|x64
		{9AC8FADD-1603-3F7F-BE83-24A7A37093CC}.Debug|x64.ActiveCfg = Debug|x64
		{9AC8FADD-1603-3F7F-BE83-24A7A37093CC}.Release|x64.ActiveCfg = Release|x64
		{A9899416-F59A-3F02-A1B9-3B7E0028552C}.Debug|x64.ActiveCfg = Debug|x64
		{A9899416-F59A-3F02-A1B9-3B7E0028552C}.Debug|x64.Build.0 = Debug|x64
		{A9899416-F59A-3F02-A1B9-3B7E0028552C}.Release|x64.ActiveCfg = Release|x64
		{A9899416-F59A-3F02-A1B9-3B7E0028552C}.Release|x64.Build.0 = Release|x64
		{AC1E10B0-3A60-37E2-9BC8-3505942CD887}.Debug|x64.ActiveCfg = Debug|x64
		{AC1E10B0-3A60-37E2-9BC8-3505942CD887}.Debug|x64.Build.0 = Debug|x64
		{AC1E10B0-3A60-37E2-9BC8-3505942CD887}.Release|x64.ActiveCfg = Release|x64
		{AC1E10B0-3A60-37E2-9BC8-3505942CD887}.Release|x64.Build.0 = Release|x64
		{09B1719D-82C6-393E-8117-AC8FF06885AD}.Debug|x64.ActiveCfg = Debug|x64
		{09B1719D-82C6-393E-8117-AC8FF06885AD}.Debug|x64.Build.0 = Debug|x64
		{09B1719D-82C6-393E-8117-AC8FF06885AD}.Release|x64.ActiveCfg = Release|x64
		{09B1719D-82C6-393E-8117-AC8FF06885AD}.Release|x64.Build.0 = Release|x64
		{DF9DC2E4-D9CA-322D-958A-1D1ED692ED64}.Debug|x64.ActiveCfg = Debug|x64
		{DF9DC2E4-D9CA-322D-958A-1D1ED692ED64}.Debug|x64.Build.0 = Debug|x64
		{DF9DC2E4-D9CA-322D-958A-1D1ED692ED64}.Release|x64.ActiveCfg = Release|x64
		{DF9DC2E4-D9CA-322D-958A-1D1ED692ED64}.Release|x64.Build.0 = Release|x64
		{A6BE4ACE-B251-37D9-9504-18BACC0A02A3}.Debug|x64.ActiveCfg = Debug|x64
		{A6BE4ACE-B251-37D9-9504-18BACC0A02A3}.Debug|x64.Build.0 = Debug|x64
		{A6BE4ACE-B251-37D9-9504-18BACC0A02A3}.Release|x64.ActiveCfg = Release|x64
		{A6BE4ACE-B251-37D9-9504-18BACC0A02A3}.Release|x64.Build.0 = Release|x64
		{3A93EEEB-0EE3-3CE6-9A12-240BFDB87B98}.Debug|x64.ActiveCfg = Debug|x64
		{3A93EEEB-0EE3-3CE6-9A12-240BFDB87B98}.Debug|x64.Build.0 = Debug|x64
		{3A93EEEB-0EE3-3CE6-9A12-240BFDB87B98}.Release|x64.ActiveCfg = Release|x64
		{3A93EEEB-0EE3-3CE6-9A12-240BFDB87B98}.Release|x64.Build.0 = Release|x64
		{05A9E647-78A0-3D7B-801E-878079EC5FFB}.Debug|x64.ActiveCfg = Debug|x64
		{05A9E647-78A0-3D7B-801E-878079EC5FFB}.Debug|x64.Build.0 = Debug|x64
		{05A9E647-78A0-3D7B-801E-878079EC5FFB}.Release|x64.ActiveCfg = Release|x64
		{05A9E647-78A0-3D7B-801E-878079EC5FFB}.Release|x64.Build.0 = Release|x64
		{63F635B4-CA20-3678-BCA0-154D0F420C09}.Debug|x64.ActiveCfg = Debug|x64
		{63F635B4-CA20-3678-BCA0-154D0F420C09}.Debug|x64.Build.0 = Debug|x64
		{63F635B4-CA20-3678-BCA0-154D0F420C09}.Release|x64.ActiveCfg = Release|x64
		{63F635B4-CA20-3678-BCA0-154D0F420C09}.Release|x64.Build.0 = Release|x64
	EndGlobalSection
	GlobalSection(ExtensibilityGlobals) = postSolution
		SolutionGuid = {9A6E22F5-B225-3481-B752-6D444B1EF9F3}
	EndGlobalSection
	GlobalSection(ExtensibilityAddIns) = postSolution
	EndGlobalSection
EndGlobal
