
Microsoft Visual Studio Solution File, Format Version 12.00
# Visual Studio Version 17
Project("{8BC9CEB8-8B4A-11D0-8D11-00A0C91BC942}") = "ALL_BUILD", "ALL_BUILD.vcxproj", "{D7491BE9-E1A6-3321-A5EB-79A0C6B39512}"
	ProjectSection(ProjectDependencies) = postProject
		{18F17BE8-ED90-3F6B-9983-DFF9FD8BC889} = {18F17BE8-ED90-3F6B-9983-DFF9FD8BC889}
		{E5EA4CAA-8263-3386-A043-1792BF2E1ACF} = {E5EA4CAA-8263-3386-A043-1792BF2E1ACF}
		{1AAE743C-8BAF-3DBA-B220-5F8356126BCD} = {1AAE743C-8BAF-3DBA-B220-5F8356126BCD}
	EndProjectSection
EndProject
Project("{8BC9CEB8-8B4A-11D0-8D11-00A0C91BC942}") = "INSTALL", "INSTALL.vcxproj", "{F321372E-4A72-36A4-B36B-4BA92CC5BB8D}"
	ProjectSection(ProjectDependencies) = postProject
		{D7491BE9-E1A6-3321-A5EB-79A0C6B39512} = {D7491BE9-E1A6-3321-A5EB-79A0C6B39512}
		{18F17BE8-ED90-3F6B-9983-DFF9FD8BC889} = {18F17BE8-ED90-3F6B-9983-DFF9FD8BC889}
	EndProjectSection
EndProject
Project("{8BC9CEB8-8B4A-11D0-8D11-00A0C91BC942}") = "RUN_TESTS", "RUN_TESTS.vcxproj", "{5A39F080-5ECA-395C-BC7E-E9ACFDFF3163}"
	ProjectSection(ProjectDependencies) = postProject
		{18F17BE8-ED90-3F6B-9983-DFF9FD8BC889} = {18F17BE8-ED90-3F6B-9983-DFF9FD8BC889}
	EndProjectSection
EndProject
Project("{8BC9CEB8-8B4A-11D0-8D11-00A0C91BC942}") = "ZERO_CHECK", "..\..\..\..\\ZERO_CHECK.vcxproj", "{18F17BE8-ED90-3F6B-9983-DFF9FD8BC889}"
	ProjectSection(ProjectDependencies) = postProject
	EndProjectSection
EndProject
Project("{8BC9CEB8-8B4A-11D0-8D11-00A0C91BC942}") = "gtest", "gtest.vcxproj", "{E5EA4CAA-8263-3386-A043-1792BF2E1ACF}"
	ProjectSection(ProjectDependencies) = postProject
		{18F17BE8-ED90-3F6B-9983-DFF9FD8BC889} = {18F17BE8-ED90-3F6B-9983-DFF9FD8BC889}
	EndProjectSection
EndProject
Project("{8BC9CEB8-8B4A-11D0-8D11-00A0C91BC942}") = "gtest_main", "gtest_main.vcxproj", "{1AAE743C-8BAF-3DBA-B220-5F8356126BCD}"
	ProjectSection(ProjectDependencies) = postProject
		{18F17BE8-ED90-3F6B-9983-DFF9FD8BC889} = {18F17BE8-ED90-3F6B-9983-DFF9FD8BC889}
		{E5EA4CAA-8263-3386-A043-1792BF2E1ACF} = {E5EA4CAA-8263-3386-A043-1792BF2E1ACF}
	EndProjectSection
EndProject
Global
	GlobalSection(SolutionConfigurationPlatforms) = preSolution
		Debug|x64 = Debug|x64
		Release|x64 = Release|x64
	EndGlobalSection
	GlobalSection(ProjectConfigurationPlatforms) = postSolution
		{D7491BE9-E1A6-3321-A5EB-79A0C6B39512}.Debug|x64.ActiveCfg = Debug|x64
		{D7491BE9-E1A6-3321-A5EB-79A0C6B39512}.Debug|x64.Build.0 = Debug|x64
		{D7491BE9-E1A6-3321-A5EB-79A0C6B39512}.Release|x64.ActiveCfg = Release|x64
		{D7491BE9-E1A6-3321-A5EB-79A0C6B39512}.Release|x64.Build.0 = Release|x64
		{F321372E-4A72-36A4-B36B-4BA92CC5BB8D}.Debug|x64.ActiveCfg = Debug|x64
		{F321372E-4A72-36A4-B36B-4BA92CC5BB8D}.Release|x64.ActiveCfg = Release|x64
		{5A39F080-5ECA-395C-BC7E-E9ACFDFF3163}.Debug|x64.ActiveCfg = Debug|x64
		{5A39F080-5ECA-395C-BC7E-E9ACFDFF3163}.Release|x64.ActiveCfg = Release|x64
		{18F17BE8-ED90-3F6B-9983-DFF9FD8BC889}.Debug|x64.ActiveCfg = Debug|x64
		{18F17BE8-ED90-3F6B-9983-DFF9FD8BC889}.Debug|x64.Build.0 = Debug|x64
		{18F17BE8-ED90-3F6B-9983-DFF9FD8BC889}.Release|x64.ActiveCfg = Release|x64
		{18F17BE8-ED90-3F6B-9983-DFF9FD8BC889}.Release|x64.Build.0 = Release|x64
		{E5EA4CAA-8263-3386-A043-1792BF2E1ACF}.Debug|x64.ActiveCfg = Debug|x64
		{E5EA4CAA-8263-3386-A043-1792BF2E1ACF}.Debug|x64.Build.0 = Debug|x64
		{E5EA4CAA-8263-3386-A043-1792BF2E1ACF}.Release|x64.ActiveCfg = Release|x64
		{E5EA4CAA-8263-3386-A043-1792BF2E1ACF}.Release|x64.Build.0 = Release|x64
		{1AAE743C-8BAF-3DBA-B220-5F8356126BCD}.Debug|x64.ActiveCfg = Debug|x64
		{1AAE743C-8BAF-3DBA-B220-5F8356126BCD}.Debug|x64.Build.0 = Debug|x64
		{1AAE743C-8BAF-3DBA-B220-5F8356126BCD}.Release|x64.ActiveCfg = Release|x64
		{1AAE743C-8BAF-3DBA-B220-5F8356126BCD}.Release|x64.Build.0 = Release|x64
	EndGlobalSection
	GlobalSection(ExtensibilityGlobals) = postSolution
		SolutionGuid = {B8A74F86-DA7F-32D6-820C-D832BC15C0D9}
	EndGlobalSection
	GlobalSection(ExtensibilityAddIns) = postSolution
	EndGlobalSection
EndGlobal
