<?xml version="1.0" encoding="utf-8"?>
<Project ToolsVersion="17.0" xmlns="http://schemas.microsoft.com/developer/msbuild/2003">
  <ItemGroup>
    <ClCompile Include="C:\Users\musta\OneDrive\Desktop\algo1\ce103-midterm-samet-anaz-mustafa-guneyli\src\utility\src\mathUtility.cpp">
      <Filter>src</Filter>
    </ClCompile>
  </ItemGroup>
  <ItemGroup>
    <ClInclude Include="C:\Users\musta\OneDrive\Desktop\algo1\ce103-midterm-samet-anaz-mustafa-guneyli\src\utility\header\commonTypes.h">
      <Filter>header</Filter>
    </ClInclude>
    <ClInclude Include="C:\Users\musta\OneDrive\Desktop\algo1\ce103-midterm-samet-anaz-mustafa-guneyli\src\utility\header\mathUtility.h">
      <Filter>header</Filter>
    </ClInclude>
  </ItemGroup>
  <ItemGroup>
    <CustomBuild Include="C:\Users\musta\OneDrive\Desktop\algo1\ce103-midterm-samet-anaz-mustafa-guneyli\src\utility\CMakeLists.txt" />
  </ItemGroup>
  <ItemGroup>
    <Filter Include="header">
      <UniqueIdentifier>{FBF7537E-30B1-3051-BB74-01A52EA66448}</UniqueIdentifier>
    </Filter>
    <Filter Include="src">
      <UniqueIdentifier>{B7AD4829-E320-3B7D-81FD-89EFF93ACA58}</UniqueIdentifier>
    </Filter>
  </ItemGroup>
</Project>
