<?xml version="1.0" encoding="utf-8"?>
<Project ToolsVersion="17.0" xmlns="http://schemas.microsoft.com/developer/msbuild/2003">
  <ItemGroup>
    <CustomBuild Include="C:\Users\samet\OneDrive\Masaüstü\algo-1\ce103-midterm-samet-anaz-mustafa-guneyli\build_win\CMakeFiles\5dbf7866cdf9c248ba52588443676289\INSTALL_force.rule">
      <Filter>CMake Rules</Filter>
    </CustomBuild>
  </ItemGroup>
  <ItemGroup>
    <Filter Include="CMake Rules">
      <UniqueIdentifier>{D3C9B40B-9E78-3CF2-9330-390641146B08}</UniqueIdentifier>
    </Filter>
  </ItemGroup>
</Project>
